
Microsoft Visual Studio Solution File, Format Version 12.00
# Visual Studio Version 17
VisualStudioVersion = 17.7.34221.43
MinimumVisualStudioVersion = 10.0.40219.1
Project("{FAE04EC0-301F-11D3-BF4B-00C04F79EFBC}") = "ProfileProjectv4", "ProfileProjectv4.csproj", "{52F8F4F6-DE9E-4A60-8B5C-585AC0AF3151}"
EndProject
Global
	GlobalSection(SolutionConfigurationPlatforms) = preSolution
		Debug|Any CPU = Debug|Any CPU
		Release|Any CPU = Release|Any CPU
	EndGlobalSection
	GlobalSection(ProjectConfigurationPlatforms) = postSolution
		{52F8F4F6-DE9E-4A60-8B5C-585AC0AF3151}.Debug|Any CPU.ActiveCfg = Debug|Any CPU
		{52F8F4F6-DE9E-4A60-8B5C-585AC0AF3151}.Debug|Any CPU.Build.0 = Debug|Any CPU
		{52F8F4F6-DE9E-4A60-8B5C-585AC0AF3151}.Release|Any CPU.ActiveCfg = Release|Any CPU
		{52F8F4F6-DE9E-4A60-8B5C-585AC0AF3151}.Release|Any CPU.Build.0 = Release|Any CPU
	EndGlobalSection
	GlobalSection(SolutionProperties) = preSolution
		HideSolutionNode = FALSE
	EndGlobalSection
	GlobalSection(ExtensibilityGlobals) = postSolution
		SolutionGuid = {EAAF006C-2CDC-4DFA-8DFD-C3EE784A095F}
	EndGlobalSection
EndGlobal
